// !$*UTF8*$!
{
	archiveVersion = 1;
	classes = {
	};
	objectVersion = 50;
	objects = {

/* Begin PBXBuildFile section */
		C92962FD26D130CC00931009 /* LughaApp.swift in Sources */ = {isa = PBXBuildFile; fileRef = C92962FC26D130CC00931009 /* LughaApp.swift */; };
		C929630126D130D200931009 /* Assets.xcassets in Resources */ = {isa = PBXBuildFile; fileRef = C929630026D130D200931009 /* Assets.xcassets */; };
		C929630426D130D200931009 /* Preview Assets.xcassets in Resources */ = {isa = PBXBuildFile; fileRef = C929630326D130D200931009 /* Preview Assets.xcassets */; };
		C929630626D130D200931009 /* Persistence.swift in Sources */ = {isa = PBXBuildFile; fileRef = C929630526D130D200931009 /* Persistence.swift */; };
		C929630926D130D200931009 /* Lugha.xcdatamodeld in Sources */ = {isa = PBXBuildFile; fileRef = C929630726D130D200931009 /* Lugha.xcdatamodeld */; };
		C929631426D130D200931009 /* LughaTests.swift in Sources */ = {isa = PBXBuildFile; fileRef = C929631326D130D200931009 /* LughaTests.swift */; };
		C929631F26D130D200931009 /* LughaUITests.swift in Sources */ = {isa = PBXBuildFile; fileRef = C929631E26D130D200931009 /* LughaUITests.swift */; };
		C94F6D1926D135EA005B9416 /* User.swift in Sources */ = {isa = PBXBuildFile; fileRef = C94F6D1826D135EA005B9416 /* User.swift */; };
		C94F6D2426D135F7005B9416 /* Quiz.swift in Sources */ = {isa = PBXBuildFile; fileRef = C94F6D2326D135F7005B9416 /* Quiz.swift */; };
		C94F6D2926D13948005B9416 /* Question.swift in Sources */ = {isa = PBXBuildFile; fileRef = C94F6D2826D13948005B9416 /* Question.swift */; };
		C94F6D2E26D13973005B9416 /* Answer.swift in Sources */ = {isa = PBXBuildFile; fileRef = C94F6D2D26D13973005B9416 /* Answer.swift */; };
		C94F6D3826D13A7E005B9416 /* Language.swift in Sources */ = {isa = PBXBuildFile; fileRef = C94F6D3726D13A7E005B9416 /* Language.swift */; };
		C94F6D3D26D13B79005B9416 /* Flashcard.swift in Sources */ = {isa = PBXBuildFile; fileRef = C94F6D3C26D13B79005B9416 /* Flashcard.swift */; };
		C9D9110126D39801002DCF97 /* Lesson.swift in Sources */ = {isa = PBXBuildFile; fileRef = C9D9110026D39801002DCF97 /* Lesson.swift */; };
		C9D9111526D39889002DCF97 /* QuizView.swift in Sources */ = {isa = PBXBuildFile; fileRef = C9D9111126D39889002DCF97 /* QuizView.swift */; };
		C9D9111626D39889002DCF97 /* LessonListView.swift in Sources */ = {isa = PBXBuildFile; fileRef = C9D9111226D39889002DCF97 /* LessonListView.swift */; };
		C9D9111726D39889002DCF97 /* AuthenticationView.swift in Sources */ = {isa = PBXBuildFile; fileRef = C9D9111326D39889002DCF97 /* AuthenticationView.swift */; };
		C9D9111826D39889002DCF97 /* LessonView.swift in Sources */ = {isa = PBXBuildFile; fileRef = C9D9111426D39889002DCF97 /* LessonView.swift */; };
		C9D9111D26D3BC80002DCF97 /* LanguageSelectorView.swift in Sources */ = {isa = PBXBuildFile; fileRef = C9D9111C26D3BC80002DCF97 /* LanguageSelectorView.swift */; };
/* End PBXBuildFile section */

/* Begin PBXContainerItemProxy section */
		C929631026D130D200931009 /* PBXContainerItemProxy */ = {
			isa = PBXContainerItemProxy;
			containerPortal = C92962F126D130CC00931009 /* Project object */;
			proxyType = 1;
			remoteGlobalIDString = C92962F826D130CC00931009;
			remoteInfo = Lugha;
		};
		C929631B26D130D200931009 /* PBXContainerItemProxy */ = {
			isa = PBXContainerItemProxy;
			containerPortal = C92962F126D130CC00931009 /* Project object */;
			proxyType = 1;
			remoteGlobalIDString = C92962F826D130CC00931009;
			remoteInfo = Lugha;
		};
/* End PBXContainerItemProxy section */

/* Begin PBXFileReference section */
		C92962F926D130CC00931009 /* Lugha.app */ = {isa = PBXFileReference; explicitFileType = wrapper.application; includeInIndex = 0; path = Lugha.app; sourceTree = BUILT_PRODUCTS_DIR; };
		C92962FC26D130CC00931009 /* LughaApp.swift */ = {isa = PBXFileReference; lastKnownFileType = sourcecode.swift; path = LughaApp.swift; sourceTree = "<group>"; };
		C929630026D130D200931009 /* Assets.xcassets */ = {isa = PBXFileReference; lastKnownFileType = folder.assetcatalog; path = Assets.xcassets; sourceTree = "<group>"; };
		C929630326D130D200931009 /* Preview Assets.xcassets */ = {isa = PBXFileReference; lastKnownFileType = folder.assetcatalog; path = "Preview Assets.xcassets"; sourceTree = "<group>"; };
		C929630526D130D200931009 /* Persistence.swift */ = {isa = PBXFileReference; lastKnownFileType = sourcecode.swift; path = Persistence.swift; sourceTree = "<group>"; };
		C929630826D130D200931009 /* Lugha.xcdatamodel */ = {isa = PBXFileReference; lastKnownFileType = wrapper.xcdatamodel; path = Lugha.xcdatamodel; sourceTree = "<group>"; };
		C929630A26D130D200931009 /* Info.plist */ = {isa = PBXFileReference; lastKnownFileType = text.plist.xml; path = Info.plist; sourceTree = "<group>"; };
		C929630F26D130D200931009 /* LughaTests.xctest */ = {isa = PBXFileReference; explicitFileType = wrapper.cfbundle; includeInIndex = 0; path = LughaTests.xctest; sourceTree = BUILT_PRODUCTS_DIR; };
		C929631326D130D200931009 /* LughaTests.swift */ = {isa = PBXFileReference; lastKnownFileType = sourcecode.swift; path = LughaTests.swift; sourceTree = "<group>"; };
		C929631526D130D200931009 /* Info.plist */ = {isa = PBXFileReference; lastKnownFileType = text.plist.xml; path = Info.plist; sourceTree = "<group>"; };
		C929631A26D130D200931009 /* LughaUITests.xctest */ = {isa = PBXFileReference; explicitFileType = wrapper.cfbundle; includeInIndex = 0; path = LughaUITests.xctest; sourceTree = BUILT_PRODUCTS_DIR; };
		C929631E26D130D200931009 /* LughaUITests.swift */ = {isa = PBXFileReference; lastKnownFileType = sourcecode.swift; path = LughaUITests.swift; sourceTree = "<group>"; };
		C929632026D130D200931009 /* Info.plist */ = {isa = PBXFileReference; lastKnownFileType = text.plist.xml; path = Info.plist; sourceTree = "<group>"; };
		C94F6D1826D135EA005B9416 /* User.swift */ = {isa = PBXFileReference; lastKnownFileType = sourcecode.swift; path = User.swift; sourceTree = "<group>"; };
		C94F6D2326D135F7005B9416 /* Quiz.swift */ = {isa = PBXFileReference; lastKnownFileType = sourcecode.swift; path = Quiz.swift; sourceTree = "<group>"; };
		C94F6D2826D13948005B9416 /* Question.swift */ = {isa = PBXFileReference; lastKnownFileType = sourcecode.swift; path = Question.swift; sourceTree = "<group>"; };
		C94F6D2D26D13973005B9416 /* Answer.swift */ = {isa = PBXFileReference; lastKnownFileType = sourcecode.swift; path = Answer.swift; sourceTree = "<group>"; };
		C94F6D3726D13A7E005B9416 /* Language.swift */ = {isa = PBXFileReference; lastKnownFileType = sourcecode.swift; path = Language.swift; sourceTree = "<group>"; };
		C94F6D3C26D13B79005B9416 /* Flashcard.swift */ = {isa = PBXFileReference; lastKnownFileType = sourcecode.swift; path = Flashcard.swift; sourceTree = "<group>"; };
		C9D9110026D39801002DCF97 /* Lesson.swift */ = {isa = PBXFileReference; lastKnownFileType = sourcecode.swift; path = Lesson.swift; sourceTree = "<group>"; };
		C9D9111126D39889002DCF97 /* QuizView.swift */ = {isa = PBXFileReference; fileEncoding = 4; lastKnownFileType = sourcecode.swift; path = QuizView.swift; sourceTree = "<group>"; };
		C9D9111226D39889002DCF97 /* LessonListView.swift */ = {isa = PBXFileReference; fileEncoding = 4; lastKnownFileType = sourcecode.swift; path = LessonListView.swift; sourceTree = "<group>"; };
		C9D9111326D39889002DCF97 /* AuthenticationView.swift */ = {isa = PBXFileReference; fileEncoding = 4; lastKnownFileType = sourcecode.swift; path = AuthenticationView.swift; sourceTree = "<group>"; };
		C9D9111426D39889002DCF97 /* LessonView.swift */ = {isa = PBXFileReference; fileEncoding = 4; lastKnownFileType = sourcecode.swift; path = LessonView.swift; sourceTree = "<group>"; };
		C9D9111C26D3BC80002DCF97 /* LanguageSelectorView.swift */ = {isa = PBXFileReference; lastKnownFileType = sourcecode.swift; path = LanguageSelectorView.swift; sourceTree = "<group>"; };
/* End PBXFileReference section */

/* Begin PBXFrameworksBuildPhase section */
		C92962F626D130CC00931009 /* Frameworks */ = {
			isa = PBXFrameworksBuildPhase;
			buildActionMask = 2147483647;
			files = (
			);
			runOnlyForDeploymentPostprocessing = 0;
		};
		C929630C26D130D200931009 /* Frameworks */ = {
			isa = PBXFrameworksBuildPhase;
			buildActionMask = 2147483647;
			files = (
			);
			runOnlyForDeploymentPostprocessing = 0;
		};
		C929631726D130D200931009 /* Frameworks */ = {
			isa = PBXFrameworksBuildPhase;
			buildActionMask = 2147483647;
			files = (
			);
			runOnlyForDeploymentPostprocessing = 0;
		};
/* End PBXFrameworksBuildPhase section */

/* Begin PBXGroup section */
		C92962F026D130CC00931009 = {
			isa = PBXGroup;
			children = (
				C92962FB26D130CC00931009 /* Lugha */,
				C929631226D130D200931009 /* LughaTests */,
				C929631D26D130D200931009 /* LughaUITests */,
				C92962FA26D130CC00931009 /* Products */,
			);
			sourceTree = "<group>";
		};
		C92962FA26D130CC00931009 /* Products */ = {
			isa = PBXGroup;
			children = (
				C92962F926D130CC00931009 /* Lugha.app */,
				C929630F26D130D200931009 /* LughaTests.xctest */,
				C929631A26D130D200931009 /* LughaUITests.xctest */,
			);
			name = Products;
			sourceTree = "<group>";
		};
		C92962FB26D130CC00931009 /* Lugha */ = {
			isa = PBXGroup;
			children = (
				C9D9111026D39878002DCF97 /* View */,
				C94F6D1726D135D8005B9416 /* Model */,
				C97863E626D3682A004E2C7D /* ViewModel */,
				C92962FC26D130CC00931009 /* LughaApp.swift */,
				C929630026D130D200931009 /* Assets.xcassets */,
				C929630526D130D200931009 /* Persistence.swift */,
				C929630A26D130D200931009 /* Info.plist */,
				C929630726D130D200931009 /* Lugha.xcdatamodeld */,
				C929630226D130D200931009 /* Preview Content */,
			);
			path = Lugha;
			sourceTree = "<group>";
		};
		C929630226D130D200931009 /* Preview Content */ = {
			isa = PBXGroup;
			children = (
				C929630326D130D200931009 /* Preview Assets.xcassets */,
			);
			path = "Preview Content";
			sourceTree = "<group>";
		};
		C929631226D130D200931009 /* LughaTests */ = {
			isa = PBXGroup;
			children = (
				C929631326D130D200931009 /* LughaTests.swift */,
				C929631526D130D200931009 /* Info.plist */,
			);
			path = LughaTests;
			sourceTree = "<group>";
		};
		C929631D26D130D200931009 /* LughaUITests */ = {
			isa = PBXGroup;
			children = (
				C929631E26D130D200931009 /* LughaUITests.swift */,
				C929632026D130D200931009 /* Info.plist */,
			);
			path = LughaUITests;
			sourceTree = "<group>";
		};
		C94F6D1726D135D8005B9416 /* Model */ = {
			isa = PBXGroup;
			children = (
				C94F6D1826D135EA005B9416 /* User.swift */,
				C94F6D2326D135F7005B9416 /* Quiz.swift */,
				C94F6D2826D13948005B9416 /* Question.swift */,
				C9D9110026D39801002DCF97 /* Lesson.swift */,
				C94F6D2D26D13973005B9416 /* Answer.swift */,
				C94F6D3726D13A7E005B9416 /* Language.swift */,
				C94F6D3C26D13B79005B9416 /* Flashcard.swift */,
			);
			path = Model;
			sourceTree = "<group>";
		};
		C97863E626D3682A004E2C7D /* ViewModel */ = {
			isa = PBXGroup;
			children = (
			);
			path = ViewModel;
			sourceTree = "<group>";
		};
		C9D9111026D39878002DCF97 /* View */ = {
			isa = PBXGroup;
			children = (
				C9D9111326D39889002DCF97 /* AuthenticationView.swift */,
				C9D9111226D39889002DCF97 /* LessonListView.swift */,
				C9D9111C26D3BC80002DCF97 /* LanguageSelectorView.swift */,
				C9D9111426D39889002DCF97 /* LessonView.swift */,
				C9D9111126D39889002DCF97 /* QuizView.swift */,
			);
			path = View;
			sourceTree = "<group>";
		};
/* End PBXGroup section */

/* Begin PBXNativeTarget section */
		C92962F826D130CC00931009 /* Lugha */ = {
			isa = PBXNativeTarget;
			buildConfigurationList = C929632326D130D200931009 /* Build configuration list for PBXNativeTarget "Lugha" */;
			buildPhases = (
				C92962F526D130CC00931009 /* Sources */,
				C92962F626D130CC00931009 /* Frameworks */,
				C92962F726D130CC00931009 /* Resources */,
			);
			buildRules = (
			);
			dependencies = (
			);
			name = Lugha;
			productName = Lugha;
			productReference = C92962F926D130CC00931009 /* Lugha.app */;
			productType = "com.apple.product-type.application";
		};
		C929630E26D130D200931009 /* LughaTests */ = {
			isa = PBXNativeTarget;
			buildConfigurationList = C929632626D130D200931009 /* Build configuration list for PBXNativeTarget "LughaTests" */;
			buildPhases = (
				C929630B26D130D200931009 /* Sources */,
				C929630C26D130D200931009 /* Frameworks */,
				C929630D26D130D200931009 /* Resources */,
			);
			buildRules = (
			);
			dependencies = (
				C929631126D130D200931009 /* PBXTargetDependency */,
			);
			name = LughaTests;
			productName = LughaTests;
			productReference = C929630F26D130D200931009 /* LughaTests.xctest */;
			productType = "com.apple.product-type.bundle.unit-test";
		};
		C929631926D130D200931009 /* LughaUITests */ = {
			isa = PBXNativeTarget;
			buildConfigurationList = C929632926D130D200931009 /* Build configuration list for PBXNativeTarget "LughaUITests" */;
			buildPhases = (
				C929631626D130D200931009 /* Sources */,
				C929631726D130D200931009 /* Frameworks */,
				C929631826D130D200931009 /* Resources */,
			);
			buildRules = (
			);
			dependencies = (
				C929631C26D130D200931009 /* PBXTargetDependency */,
			);
			name = LughaUITests;
			productName = LughaUITests;
			productReference = C929631A26D130D200931009 /* LughaUITests.xctest */;
			productType = "com.apple.product-type.bundle.ui-testing";
		};
/* End PBXNativeTarget section */

/* Begin PBXProject section */
		C92962F126D130CC00931009 /* Project object */ = {
			isa = PBXProject;
			attributes = {
				LastSwiftUpdateCheck = 1240;
				LastUpgradeCheck = 1240;
				TargetAttributes = {
					C92962F826D130CC00931009 = {
						CreatedOnToolsVersion = 12.4;
					};
					C929630E26D130D200931009 = {
						CreatedOnToolsVersion = 12.4;
						TestTargetID = C92962F826D130CC00931009;
					};
					C929631926D130D200931009 = {
						CreatedOnToolsVersion = 12.4;
						TestTargetID = C92962F826D130CC00931009;
					};
				};
			};
			buildConfigurationList = C92962F426D130CC00931009 /* Build configuration list for PBXProject "Lugha" */;
			compatibilityVersion = "Xcode 9.3";
			developmentRegion = en;
			hasScannedForEncodings = 0;
			knownRegions = (
				en,
				Base,
			);
			mainGroup = C92962F026D130CC00931009;
			productRefGroup = C92962FA26D130CC00931009 /* Products */;
			projectDirPath = "";
			projectRoot = "";
			targets = (
				C92962F826D130CC00931009 /* Lugha */,
				C929630E26D130D200931009 /* LughaTests */,
				C929631926D130D200931009 /* LughaUITests */,
			);
		};
/* End PBXProject section */

/* Begin PBXResourcesBuildPhase section */
		C92962F726D130CC00931009 /* Resources */ = {
			isa = PBXResourcesBuildPhase;
			buildActionMask = 2147483647;
			files = (
				C929630426D130D200931009 /* Preview Assets.xcassets in Resources */,
				C929630126D130D200931009 /* Assets.xcassets in Resources */,
			);
			runOnlyForDeploymentPostprocessing = 0;
		};
		C929630D26D130D200931009 /* Resources */ = {
			isa = PBXResourcesBuildPhase;
			buildActionMask = 2147483647;
			files = (
			);
			runOnlyForDeploymentPostprocessing = 0;
		};
		C929631826D130D200931009 /* Resources */ = {
			isa = PBXResourcesBuildPhase;
			buildActionMask = 2147483647;
			files = (
			);
			runOnlyForDeploymentPostprocessing = 0;
		};
/* End PBXResourcesBuildPhase section */

/* Begin PBXSourcesBuildPhase section */
		C92962F526D130CC00931009 /* Sources */ = {
			isa = PBXSourcesBuildPhase;
			buildActionMask = 2147483647;
			files = (
				C9D9111826D39889002DCF97 /* LessonView.swift in Sources */,
				C9D9110126D39801002DCF97 /* Lesson.swift in Sources */,
				C929630626D130D200931009 /* Persistence.swift in Sources */,
				C9D9111526D39889002DCF97 /* QuizView.swift in Sources */,
				C92962FD26D130CC00931009 /* LughaApp.swift in Sources */,
				C9D9111726D39889002DCF97 /* AuthenticationView.swift in Sources */,
				C94F6D3D26D13B79005B9416 /* Flashcard.swift in Sources */,
				C94F6D2E26D13973005B9416 /* Answer.swift in Sources */,
				C9D9111626D39889002DCF97 /* LessonListView.swift in Sources */,
				C94F6D2926D13948005B9416 /* Question.swift in Sources */,
				C94F6D3826D13A7E005B9416 /* Language.swift in Sources */,
				C929630926D130D200931009 /* Lugha.xcdatamodeld in Sources */,
				C9D9111D26D3BC80002DCF97 /* LanguageSelectorView.swift in Sources */,
				C94F6D1926D135EA005B9416 /* User.swift in Sources */,
				C94F6D2426D135F7005B9416 /* Quiz.swift in Sources */,
			);
			runOnlyForDeploymentPostprocessing = 0;
		};
		C929630B26D130D200931009 /* Sources */ = {
			isa = PBXSourcesBuildPhase;
			buildActionMask = 2147483647;
			files = (
				C929631426D130D200931009 /* LughaTests.swift in Sources */,
			);
			runOnlyForDeploymentPostprocessing = 0;
		};
		C929631626D130D200931009 /* Sources */ = {
			isa = PBXSourcesBuildPhase;
			buildActionMask = 2147483647;
			files = (
				C929631F26D130D200931009 /* LughaUITests.swift in Sources */,
			);
			runOnlyForDeploymentPostprocessing = 0;
		};
/* End PBXSourcesBuildPhase section */

/* Begin PBXTargetDependency section */
		C929631126D130D200931009 /* PBXTargetDependency */ = {
			isa = PBXTargetDependency;
			target = C92962F826D130CC00931009 /* Lugha */;
			targetProxy = C929631026D130D200931009 /* PBXContainerItemProxy */;
		};
		C929631C26D130D200931009 /* PBXTargetDependency */ = {
			isa = PBXTargetDependency;
			target = C92962F826D130CC00931009 /* Lugha */;
			targetProxy = C929631B26D130D200931009 /* PBXContainerItemProxy */;
		};
/* End PBXTargetDependency section */

/* Begin XCBuildConfiguration section */
		C929632126D130D200931009 /* Debug */ = {
			isa = XCBuildConfiguration;
			buildSettings = {
				ALWAYS_SEARCH_USER_PATHS = NO;
				CLANG_ANALYZER_NONNULL = YES;
				CLANG_ANALYZER_NUMBER_OBJECT_CONVERSION = YES_AGGRESSIVE;
				CLANG_CXX_LANGUAGE_STANDARD = "gnu++14";
				CLANG_CXX_LIBRARY = "libc++";
				CLANG_ENABLE_MODULES = YES;
				CLANG_ENABLE_OBJC_ARC = YES;
				CLANG_ENABLE_OBJC_WEAK = YES;
				CLANG_WARN_BLOCK_CAPTURE_AUTORELEASING = YES;
				CLANG_WARN_BOOL_CONVERSION = YES;
				CLANG_WARN_COMMA = YES;
				CLANG_WARN_CONSTANT_CONVERSION = YES;
				CLANG_WARN_DEPRECATED_OBJC_IMPLEMENTATIONS = YES;
				CLANG_WARN_DIRECT_OBJC_ISA_USAGE = YES_ERROR;
				CLANG_WARN_DOCUMENTATION_COMMENTS = YES;
				CLANG_WARN_EMPTY_BODY = YES;
				CLANG_WARN_ENUM_CONVERSION = YES;
				CLANG_WARN_INFINITE_RECURSION = YES;
				CLANG_WARN_INT_CONVERSION = YES;
				CLANG_WARN_NON_LITERAL_NULL_CONVERSION = YES;
				CLANG_WARN_OBJC_IMPLICIT_RETAIN_SELF = YES;
				CLANG_WARN_OBJC_LITERAL_CONVERSION = YES;
				CLANG_WARN_OBJC_ROOT_CLASS = YES_ERROR;
				CLANG_WARN_QUOTED_INCLUDE_IN_FRAMEWORK_HEADER = YES;
				CLANG_WARN_RANGE_LOOP_ANALYSIS = YES;
				CLANG_WARN_STRICT_PROTOTYPES = YES;
				CLANG_WARN_SUSPICIOUS_MOVE = YES;
				CLANG_WARN_UNGUARDED_AVAILABILITY = YES_AGGRESSIVE;
				CLANG_WARN_UNREACHABLE_CODE = YES;
				CLANG_WARN__DUPLICATE_METHOD_MATCH = YES;
				COPY_PHASE_STRIP = NO;
				DEBUG_INFORMATION_FORMAT = dwarf;
				ENABLE_STRICT_OBJC_MSGSEND = YES;
				ENABLE_TESTABILITY = YES;
				GCC_C_LANGUAGE_STANDARD = gnu11;
				GCC_DYNAMIC_NO_PIC = NO;
				GCC_NO_COMMON_BLOCKS = YES;
				GCC_OPTIMIZATION_LEVEL = 0;
				GCC_PREPROCESSOR_DEFINITIONS = (
					"DEBUG=1",
					"$(inherited)",
				);
				GCC_WARN_64_TO_32_BIT_CONVERSION = YES;
				GCC_WARN_ABOUT_RETURN_TYPE = YES_ERROR;
				GCC_WARN_UNDECLARED_SELECTOR = YES;
				GCC_WARN_UNINITIALIZED_AUTOS = YES_AGGRESSIVE;
				GCC_WARN_UNUSED_FUNCTION = YES;
				GCC_WARN_UNUSED_VARIABLE = YES;
				IPHONEOS_DEPLOYMENT_TARGET = 14.4;
				MTL_ENABLE_DEBUG_INFO = INCLUDE_SOURCE;
				MTL_FAST_MATH = YES;
				ONLY_ACTIVE_ARCH = YES;
				SDKROOT = iphoneos;
				SWIFT_ACTIVE_COMPILATION_CONDITIONS = DEBUG;
				SWIFT_OPTIMIZATION_LEVEL = "-Onone";
			};
			name = Debug;
		};
		C929632226D130D200931009 /* Release */ = {
			isa = XCBuildConfiguration;
			buildSettings = {
				ALWAYS_SEARCH_USER_PATHS = NO;
				CLANG_ANALYZER_NONNULL = YES;
				CLANG_ANALYZER_NUMBER_OBJECT_CONVERSION = YES_AGGRESSIVE;
				CLANG_CXX_LANGUAGE_STANDARD = "gnu++14";
				CLANG_CXX_LIBRARY = "libc++";
				CLANG_ENABLE_MODULES = YES;
				CLANG_ENABLE_OBJC_ARC = YES;
				CLANG_ENABLE_OBJC_WEAK = YES;
				CLANG_WARN_BLOCK_CAPTURE_AUTORELEASING = YES;
				CLANG_WARN_BOOL_CONVERSION = YES;
				CLANG_WARN_COMMA = YES;
				CLANG_WARN_CONSTANT_CONVERSION = YES;
				CLANG_WARN_DEPRECATED_OBJC_IMPLEMENTATIONS = YES;
				CLANG_WARN_DIRECT_OBJC_ISA_USAGE = YES_ERROR;
				CLANG_WARN_DOCUMENTATION_COMMENTS = YES;
				CLANG_WARN_EMPTY_BODY = YES;
				CLANG_WARN_ENUM_CONVERSION = YES;
				CLANG_WARN_INFINITE_RECURSION = YES;
				CLANG_WARN_INT_CONVERSION = YES;
				CLANG_WARN_NON_LITERAL_NULL_CONVERSION = YES;
				CLANG_WARN_OBJC_IMPLICIT_RETAIN_SELF = YES;
				CLANG_WARN_OBJC_LITERAL_CONVERSION = YES;
				CLANG_WARN_OBJC_ROOT_CLASS = YES_ERROR;
				CLANG_WARN_QUOTED_INCLUDE_IN_FRAMEWORK_HEADER = YES;
				CLANG_WARN_RANGE_LOOP_ANALYSIS = YES;
				CLANG_WARN_STRICT_PROTOTYPES = YES;
				CLANG_WARN_SUSPICIOUS_MOVE = YES;
				CLANG_WARN_UNGUARDED_AVAILABILITY = YES_AGGRESSIVE;
				CLANG_WARN_UNREACHABLE_CODE = YES;
				CLANG_WARN__DUPLICATE_METHOD_MATCH = YES;
				COPY_PHASE_STRIP = NO;
				DEBUG_INFORMATION_FORMAT = "dwarf-with-dsym";
				ENABLE_NS_ASSERTIONS = NO;
				ENABLE_STRICT_OBJC_MSGSEND = YES;
				GCC_C_LANGUAGE_STANDARD = gnu11;
				GCC_NO_COMMON_BLOCKS = YES;
				GCC_WARN_64_TO_32_BIT_CONVERSION = YES;
				GCC_WARN_ABOUT_RETURN_TYPE = YES_ERROR;
				GCC_WARN_UNDECLARED_SELECTOR = YES;
				GCC_WARN_UNINITIALIZED_AUTOS = YES_AGGRESSIVE;
				GCC_WARN_UNUSED_FUNCTION = YES;
				GCC_WARN_UNUSED_VARIABLE = YES;
				IPHONEOS_DEPLOYMENT_TARGET = 14.4;
				MTL_ENABLE_DEBUG_INFO = NO;
				MTL_FAST_MATH = YES;
				SDKROOT = iphoneos;
				SWIFT_COMPILATION_MODE = wholemodule;
				SWIFT_OPTIMIZATION_LEVEL = "-O";
				VALIDATE_PRODUCT = YES;
			};
			name = Release;
		};
		C929632426D130D200931009 /* Debug */ = {
			isa = XCBuildConfiguration;
			buildSettings = {
				ASSETCATALOG_COMPILER_APPICON_NAME = AppIcon;
				ASSETCATALOG_COMPILER_GLOBAL_ACCENT_COLOR_NAME = AccentColor;
				CODE_SIGN_STYLE = Automatic;
				DEVELOPMENT_ASSET_PATHS = "\"Lugha/Preview Content\"";
				DEVELOPMENT_TEAM = CVR223BS4M;
				ENABLE_PREVIEWS = YES;
				INFOPLIST_FILE = Lugha/Info.plist;
				IPHONEOS_DEPLOYMENT_TARGET = 14.0;
				LD_RUNPATH_SEARCH_PATHS = (
					"$(inherited)",
					"@executable_path/Frameworks",
				);
				PRODUCT_BUNDLE_IDENTIFIER = michaelamiro.Lugha;
				PRODUCT_NAME = "$(TARGET_NAME)";
				SWIFT_VERSION = 5.0;
				TARGETED_DEVICE_FAMILY = "1,2";
			};
			name = Debug;
		};
		C929632526D130D200931009 /* Release */ = {
			isa = XCBuildConfiguration;
			buildSettings = {
				ASSETCATALOG_COMPILER_APPICON_NAME = AppIcon;
				ASSETCATALOG_COMPILER_GLOBAL_ACCENT_COLOR_NAME = AccentColor;
				CODE_SIGN_STYLE = Automatic;
				DEVELOPMENT_ASSET_PATHS = "\"Lugha/Preview Content\"";
				DEVELOPMENT_TEAM = CVR223BS4M;
				ENABLE_PREVIEWS = YES;
				INFOPLIST_FILE = Lugha/Info.plist;
				IPHONEOS_DEPLOYMENT_TARGET = 14.0;
				LD_RUNPATH_SEARCH_PATHS = (
					"$(inherited)",
					"@executable_path/Frameworks",
				);
				PRODUCT_BUNDLE_IDENTIFIER = michaelamiro.Lugha;
				PRODUCT_NAME = "$(TARGET_NAME)";
				SWIFT_VERSION = 5.0;
				TARGETED_DEVICE_FAMILY = "1,2";
			};
			name = Release;
		};
		C929632726D130D200931009 /* Debug */ = {
			isa = XCBuildConfiguration;
			buildSettings = {
				ALWAYS_EMBED_SWIFT_STANDARD_LIBRARIES = YES;
				BUNDLE_LOADER = "$(TEST_HOST)";
				CODE_SIGN_STYLE = Automatic;
				DEVELOPMENT_TEAM = CVR223BS4M;
				INFOPLIST_FILE = LughaTests/Info.plist;
				IPHONEOS_DEPLOYMENT_TARGET = 14.0;
				LD_RUNPATH_SEARCH_PATHS = (
					"$(inherited)",
					"@executable_path/Frameworks",
					"@loader_path/Frameworks",
				);
				PRODUCT_BUNDLE_IDENTIFIER = michaelamiro.LughaTests;
				PRODUCT_NAME = "$(TARGET_NAME)";
				SWIFT_VERSION = 5.0;
				TARGETED_DEVICE_FAMILY = "1,2";
				TEST_HOST = "$(BUILT_PRODUCTS_DIR)/Lugha.app/Lugha";
			};
			name = Debug;
		};
		C929632826D130D200931009 /* Release */ = {
			isa = XCBuildConfiguration;
			buildSettings = {
				ALWAYS_EMBED_SWIFT_STANDARD_LIBRARIES = YES;
				BUNDLE_LOADER = "$(TEST_HOST)";
				CODE_SIGN_STYLE = Automatic;
				DEVELOPMENT_TEAM = CVR223BS4M;
				INFOPLIST_FILE = LughaTests/Info.plist;
				IPHONEOS_DEPLOYMENT_TARGET = 14.0;
				LD_RUNPATH_SEARCH_PATHS = (
					"$(inherited)",
					"@executable_path/Frameworks",
					"@loader_path/Frameworks",
				);
				PRODUCT_BUNDLE_IDENTIFIER = michaelamiro.LughaTests;
				PRODUCT_NAME = "$(TARGET_NAME)";
				SWIFT_VERSION = 5.0;
				TARGETED_DEVICE_FAMILY = "1,2";
				TEST_HOST = "$(BUILT_PRODUCTS_DIR)/Lugha.app/Lugha";
			};
			name = Release;
		};
		C929632A26D130D200931009 /* Debug */ = {
			isa = XCBuildConfiguration;
			buildSettings = {
				ALWAYS_EMBED_SWIFT_STANDARD_LIBRARIES = YES;
				CODE_SIGN_STYLE = Automatic;
				DEVELOPMENT_TEAM = CVR223BS4M;
				INFOPLIST_FILE = LughaUITests/Info.plist;
				LD_RUNPATH_SEARCH_PATHS = (
					"$(inherited)",
					"@executable_path/Frameworks",
					"@loader_path/Frameworks",
				);
				PRODUCT_BUNDLE_IDENTIFIER = michaelamiro.LughaUITests;
				PRODUCT_NAME = "$(TARGET_NAME)";
				SWIFT_VERSION = 5.0;
				TARGETED_DEVICE_FAMILY = "1,2";
				TEST_TARGET_NAME = Lugha;
			};
			name = Debug;
		};
		C929632B26D130D200931009 /* Release */ = {
			isa = XCBuildConfiguration;
			buildSettings = {
				ALWAYS_EMBED_SWIFT_STANDARD_LIBRARIES = YES;
				CODE_SIGN_STYLE = Automatic;
				DEVELOPMENT_TEAM = CVR223BS4M;
				INFOPLIST_FILE = LughaUITests/Info.plist;
				LD_RUNPATH_SEARCH_PATHS = (
					"$(inherited)",
					"@executable_path/Frameworks",
					"@loader_path/Frameworks",
				);
				PRODUCT_BUNDLE_IDENTIFIER = michaelamiro.LughaUITests;
				PRODUCT_NAME = "$(TARGET_NAME)";
				SWIFT_VERSION = 5.0;
				TARGETED_DEVICE_FAMILY = "1,2";
				TEST_TARGET_NAME = Lugha;
			};
			name = Release;
		};
/* End XCBuildConfiguration section */

/* Begin XCConfigurationList section */
		C92962F426D130CC00931009 /* Build configuration list for PBXProject "Lugha" */ = {
			isa = XCConfigurationList;
			buildConfigurations = (
				C929632126D130D200931009 /* Debug */,
				C929632226D130D200931009 /* Release */,
			);
			defaultConfigurationIsVisible = 0;
			defaultConfigurationName = Release;
		};
		C929632326D130D200931009 /* Build configuration list for PBXNativeTarget "Lugha" */ = {
			isa = XCConfigurationList;
			buildConfigurations = (
				C929632426D130D200931009 /* Debug */,
				C929632526D130D200931009 /* Release */,
			);
			defaultConfigurationIsVisible = 0;
			defaultConfigurationName = Release;
		};
		C929632626D130D200931009 /* Build configuration list for PBXNativeTarget "LughaTests" */ = {
			isa = XCConfigurationList;
			buildConfigurations = (
				C929632726D130D200931009 /* Debug */,
				C929632826D130D200931009 /* Release */,
			);
			defaultConfigurationIsVisible = 0;
			defaultConfigurationName = Release;
		};
		C929632926D130D200931009 /* Build configuration list for PBXNativeTarget "LughaUITests" */ = {
			isa = XCConfigurationList;
			buildConfigurations = (
				C929632A26D130D200931009 /* Debug */,
				C929632B26D130D200931009 /* Release */,
			);
			defaultConfigurationIsVisible = 0;
			defaultConfigurationName = Release;
		};
/* End XCConfigurationList section */

/* Begin XCVersionGroup section */
		C929630726D130D200931009 /* Lugha.xcdatamodeld */ = {
			isa = XCVersionGroup;
			children = (
				C929630826D130D200931009 /* Lugha.xcdatamodel */,
			);
			currentVersion = C929630826D130D200931009 /* Lugha.xcdatamodel */;
			path = Lugha.xcdatamodeld;
			sourceTree = "<group>";
			versionGroupType = wrapper.xcdatamodel;
		};
/* End XCVersionGroup section */
	};
	rootObject = C92962F126D130CC00931009 /* Project object */;
}
